// !$*UTF8*$!
{
	archiveVersion = 1;
	classes = {
	};
	objectVersion = 55;
	objects = {

/* Begin PBXBuildFile section */
		4B914E9328472DD500E7C794 /* quizuViewController.swift in Sources */ = {isa = PBXBuildFile; fileRef = 4B914E9228472DD500E7C794 /* quizuViewController.swift */; };
		4B914E9528472F1E00E7C794 /* quiz2ViewController.swift in Sources */ = {isa = PBXBuildFile; fileRef = 4B914E9428472F1E00E7C794 /* quiz2ViewController.swift */; };
		4B914E9728472F7A00E7C794 /* Result2ViewController.swift in Sources */ = {isa = PBXBuildFile; fileRef = 4B914E9628472F7A00E7C794 /* Result2ViewController.swift */; };
		4B914E992847303800E7C794 /* zukanViewController.swift in Sources */ = {isa = PBXBuildFile; fileRef = 4B914E982847303800E7C794 /* zukanViewController.swift */; };
		4B914E9B2847323000E7C794 /* zukan1ViewController.swift in Sources */ = {isa = PBXBuildFile; fileRef = 4B914E9A2847323000E7C794 /* zukan1ViewController.swift */; };
		4B914E9D2847325400E7C794 /* zukan2ViewController.swift in Sources */ = {isa = PBXBuildFile; fileRef = 4B914E9C2847325400E7C794 /* zukan2ViewController.swift */; };
		4B914E9F2847327400E7C794 /* zukan3ViewController.swift in Sources */ = {isa = PBXBuildFile; fileRef = 4B914E9E2847327400E7C794 /* zukan3ViewController.swift */; };
		4B914EA12847328F00E7C794 /* zukan4ViewController.swift in Sources */ = {isa = PBXBuildFile; fileRef = 4B914EA02847328F00E7C794 /* zukan4ViewController.swift */; };
		4BBF3FA82833660A0007DA89 /* AppDelegate.swift in Sources */ = {isa = PBXBuildFile; fileRef = 4BBF3FA72833660A0007DA89 /* AppDelegate.swift */; };
		4BBF3FAA2833660A0007DA89 /* SceneDelegate.swift in Sources */ = {isa = PBXBuildFile; fileRef = 4BBF3FA92833660A0007DA89 /* SceneDelegate.swift */; };
		4BBF3FAC2833660A0007DA89 /* ViewController.swift in Sources */ = {isa = PBXBuildFile; fileRef = 4BBF3FAB2833660A0007DA89 /* ViewController.swift */; };
		4BBF3FAF2833660A0007DA89 /* Main.storyboard in Resources */ = {isa = PBXBuildFile; fileRef = 4BBF3FAD2833660A0007DA89 /* Main.storyboard */; };
		4BBF3FB12833660C0007DA89 /* Assets.xcassets in Resources */ = {isa = PBXBuildFile; fileRef = 4BBF3FB02833660C0007DA89 /* Assets.xcassets */; };
		4BBF3FB42833660C0007DA89 /* LaunchScreen.storyboard in Resources */ = {isa = PBXBuildFile; fileRef = 4BBF3FB22833660C0007DA89 /* LaunchScreen.storyboard */; };
		4BBF3FBF2833660C0007DA89 /* PuizTests.swift in Sources */ = {isa = PBXBuildFile; fileRef = 4BBF3FBE2833660C0007DA89 /* PuizTests.swift */; };
		4BBF3FC92833660C0007DA89 /* PuizUITests.swift in Sources */ = {isa = PBXBuildFile; fileRef = 4BBF3FC82833660C0007DA89 /* PuizUITests.swift */; };
		4BBF3FCB2833660C0007DA89 /* PuizUITestsLaunchTests.swift in Sources */ = {isa = PBXBuildFile; fileRef = 4BBF3FCA2833660C0007DA89 /* PuizUITestsLaunchTests.swift */; };
		4BBF3FD82833669F0007DA89 /* QuizViewController.swift in Sources */ = {isa = PBXBuildFile; fileRef = 4BBF3FD72833669E0007DA89 /* QuizViewController.swift */; };
		4BBF3FDA283366C10007DA89 /* ResultViewController.swift in Sources */ = {isa = PBXBuildFile; fileRef = 4BBF3FD9283366C10007DA89 /* ResultViewController.swift */; };
/* End PBXBuildFile section */

/* Begin PBXContainerItemProxy section */
		4BBF3FBB2833660C0007DA89 /* PBXContainerItemProxy */ = {
			isa = PBXContainerItemProxy;
			containerPortal = 4BBF3F9C2833660A0007DA89 /* Project object */;
			proxyType = 1;
			remoteGlobalIDString = 4BBF3FA32833660A0007DA89;
			remoteInfo = Puiz;
		};
		4BBF3FC52833660C0007DA89 /* PBXContainerItemProxy */ = {
			isa = PBXContainerItemProxy;
			containerPortal = 4BBF3F9C2833660A0007DA89 /* Project object */;
			proxyType = 1;
			remoteGlobalIDString = 4BBF3FA32833660A0007DA89;
			remoteInfo = Puiz;
		};
/* End PBXContainerItemProxy section */

/* Begin PBXFileReference section */
		4B914E9228472DD500E7C794 /* quizuViewController.swift */ = {isa = PBXFileReference; lastKnownFileType = sourcecode.swift; path = quizuViewController.swift; sourceTree = "<group>"; };
		4B914E9428472F1E00E7C794 /* quiz2ViewController.swift */ = {isa = PBXFileReference; lastKnownFileType = sourcecode.swift; path = quiz2ViewController.swift; sourceTree = "<group>"; };
		4B914E9628472F7A00E7C794 /* Result2ViewController.swift */ = {isa = PBXFileReference; lastKnownFileType = sourcecode.swift; path = Result2ViewController.swift; sourceTree = "<group>"; };
		4B914E982847303800E7C794 /* zukanViewController.swift */ = {isa = PBXFileReference; lastKnownFileType = sourcecode.swift; path = zukanViewController.swift; sourceTree = "<group>"; };
		4B914E9A2847323000E7C794 /* zukan1ViewController.swift */ = {isa = PBXFileReference; lastKnownFileType = sourcecode.swift; path = zukan1ViewController.swift; sourceTree = "<group>"; };
		4B914E9C2847325400E7C794 /* zukan2ViewController.swift */ = {isa = PBXFileReference; lastKnownFileType = sourcecode.swift; path = zukan2ViewController.swift; sourceTree = "<group>"; };
		4B914E9E2847327400E7C794 /* zukan3ViewController.swift */ = {isa = PBXFileReference; lastKnownFileType = sourcecode.swift; path = zukan3ViewController.swift; sourceTree = "<group>"; };
		4B914EA02847328F00E7C794 /* zukan4ViewController.swift */ = {isa = PBXFileReference; lastKnownFileType = sourcecode.swift; path = zukan4ViewController.swift; sourceTree = "<group>"; };
		4BBF3FA42833660A0007DA89 /* Puiz.app */ = {isa = PBXFileReference; explicitFileType = wrapper.application; includeInIndex = 0; path = Puiz.app; sourceTree = BUILT_PRODUCTS_DIR; };
		4BBF3FA72833660A0007DA89 /* AppDelegate.swift */ = {isa = PBXFileReference; lastKnownFileType = sourcecode.swift; path = AppDelegate.swift; sourceTree = "<group>"; };
		4BBF3FA92833660A0007DA89 /* SceneDelegate.swift */ = {isa = PBXFileReference; lastKnownFileType = sourcecode.swift; path = SceneDelegate.swift; sourceTree = "<group>"; };
		4BBF3FAB2833660A0007DA89 /* ViewController.swift */ = {isa = PBXFileReference; lastKnownFileType = sourcecode.swift; path = ViewController.swift; sourceTree = "<group>"; };
		4BBF3FAE2833660A0007DA89 /* Base */ = {isa = PBXFileReference; lastKnownFileType = file.storyboard; name = Base; path = Base.lproj/Main.storyboard; sourceTree = "<group>"; };
		4BBF3FB02833660C0007DA89 /* Assets.xcassets */ = {isa = PBXFileReference; lastKnownFileType = folder.assetcatalog; path = Assets.xcassets; sourceTree = "<group>"; };
		4BBF3FB32833660C0007DA89 /* Base */ = {isa = PBXFileReference; lastKnownFileType = file.storyboard; name = Base; path = Base.lproj/LaunchScreen.storyboard; sourceTree = "<group>"; };
		4BBF3FB52833660C0007DA89 /* Info.plist */ = {isa = PBXFileReference; lastKnownFileType = text.plist.xml; path = Info.plist; sourceTree = "<group>"; };
		4BBF3FBA2833660C0007DA89 /* PuizTests.xctest */ = {isa = PBXFileReference; explicitFileType = wrapper.cfbundle; includeInIndex = 0; path = PuizTests.xctest; sourceTree = BUILT_PRODUCTS_DIR; };
		4BBF3FBE2833660C0007DA89 /* PuizTests.swift */ = {isa = PBXFileReference; lastKnownFileType = sourcecode.swift; path = PuizTests.swift; sourceTree = "<group>"; };
		4BBF3FC42833660C0007DA89 /* PuizUITests.xctest */ = {isa = PBXFileReference; explicitFileType = wrapper.cfbundle; includeInIndex = 0; path = PuizUITests.xctest; sourceTree = BUILT_PRODUCTS_DIR; };
		4BBF3FC82833660C0007DA89 /* PuizUITests.swift */ = {isa = PBXFileReference; lastKnownFileType = sourcecode.swift; path = PuizUITests.swift; sourceTree = "<group>"; };
		4BBF3FCA2833660C0007DA89 /* PuizUITestsLaunchTests.swift */ = {isa = PBXFileReference; lastKnownFileType = sourcecode.swift; path = PuizUITestsLaunchTests.swift; sourceTree = "<group>"; };
		4BBF3FD72833669E0007DA89 /* QuizViewController.swift */ = {isa = PBXFileReference; lastKnownFileType = sourcecode.swift; path = QuizViewController.swift; sourceTree = "<group>"; };
		4BBF3FD9283366C10007DA89 /* ResultViewController.swift */ = {isa = PBXFileReference; lastKnownFileType = sourcecode.swift; path = ResultViewController.swift; sourceTree = "<group>"; };
/* End PBXFileReference section */

/* Begin PBXFrameworksBuildPhase section */
		4BBF3FA12833660A0007DA89 /* Frameworks */ = {
			isa = PBXFrameworksBuildPhase;
			buildActionMask = 2147483647;
			files = (
			);
			runOnlyForDeploymentPostprocessing = 0;
		};
		4BBF3FB72833660C0007DA89 /* Frameworks */ = {
			isa = PBXFrameworksBuildPhase;
			buildActionMask = 2147483647;
			files = (
			);
			runOnlyForDeploymentPostprocessing = 0;
		};
		4BBF3FC12833660C0007DA89 /* Frameworks */ = {
			isa = PBXFrameworksBuildPhase;
			buildActionMask = 2147483647;
			files = (
			);
			runOnlyForDeploymentPostprocessing = 0;
		};
/* End PBXFrameworksBuildPhase section */

/* Begin PBXGroup section */
		4BBF3F9B2833660A0007DA89 = {
			isa = PBXGroup;
			children = (
				4BBF3FA62833660A0007DA89 /* Puiz */,
				4BBF3FBD2833660C0007DA89 /* PuizTests */,
				4BBF3FC72833660C0007DA89 /* PuizUITests */,
				4BBF3FA52833660A0007DA89 /* Products */,
			);
			sourceTree = "<group>";
		};
		4BBF3FA52833660A0007DA89 /* Products */ = {
			isa = PBXGroup;
			children = (
				4BBF3FA42833660A0007DA89 /* Puiz.app */,
				4BBF3FBA2833660C0007DA89 /* PuizTests.xctest */,
				4BBF3FC42833660C0007DA89 /* PuizUITests.xctest */,
			);
			name = Products;
			sourceTree = "<group>";
		};
		4BBF3FA62833660A0007DA89 /* Puiz */ = {
			isa = PBXGroup;
			children = (
				4BBF3FA72833660A0007DA89 /* AppDelegate.swift */,
				4BBF3FA92833660A0007DA89 /* SceneDelegate.swift */,
				4BBF3FAB2833660A0007DA89 /* ViewController.swift */,
				4BBF3FAD2833660A0007DA89 /* Main.storyboard */,
				4BBF3FB02833660C0007DA89 /* Assets.xcassets */,
				4BBF3FB22833660C0007DA89 /* LaunchScreen.storyboard */,
				4B914E9228472DD500E7C794 /* quizuViewController.swift */,
				4BBF3FB52833660C0007DA89 /* Info.plist */,
				4BBF3FD72833669E0007DA89 /* QuizViewController.swift */,
				4BBF3FD9283366C10007DA89 /* ResultViewController.swift */,
				4B914E9428472F1E00E7C794 /* quiz2ViewController.swift */,
				4B914E9628472F7A00E7C794 /* Result2ViewController.swift */,
				4B914E982847303800E7C794 /* zukanViewController.swift */,
				4B914E9A2847323000E7C794 /* zukan1ViewController.swift */,
				4B914E9C2847325400E7C794 /* zukan2ViewController.swift */,
				4B914E9E2847327400E7C794 /* zukan3ViewController.swift */,
				4B914EA02847328F00E7C794 /* zukan4ViewController.swift */,
			);
			path = Puiz;
			sourceTree = "<group>";
		};
		4BBF3FBD2833660C0007DA89 /* PuizTests */ = {
			isa = PBXGroup;
			children = (
				4BBF3FBE2833660C0007DA89 /* PuizTests.swift */,
			);
			path = PuizTests;
			sourceTree = "<group>";
		};
		4BBF3FC72833660C0007DA89 /* PuizUITests */ = {
			isa = PBXGroup;
			children = (
				4BBF3FC82833660C0007DA89 /* PuizUITests.swift */,
				4BBF3FCA2833660C0007DA89 /* PuizUITestsLaunchTests.swift */,
			);
			path = PuizUITests;
			sourceTree = "<group>";
		};
/* End PBXGroup section */

/* Begin PBXNativeTarget section */
		4BBF3FA32833660A0007DA89 /* Puiz */ = {
			isa = PBXNativeTarget;
			buildConfigurationList = 4BBF3FCE2833660C0007DA89 /* Build configuration list for PBXNativeTarget "Puiz" */;
			buildPhases = (
				4BBF3FA02833660A0007DA89 /* Sources */,
				4BBF3FA12833660A0007DA89 /* Frameworks */,
				4BBF3FA22833660A0007DA89 /* Resources */,
			);
			buildRules = (
			);
			dependencies = (
			);
			name = Puiz;
			productName = Puiz;
			productReference = 4BBF3FA42833660A0007DA89 /* Puiz.app */;
			productType = "com.apple.product-type.application";
		};
		4BBF3FB92833660C0007DA89 /* PuizTests */ = {
			isa = PBXNativeTarget;
			buildConfigurationList = 4BBF3FD12833660C0007DA89 /* Build configuration list for PBXNativeTarget "PuizTests" */;
			buildPhases = (
				4BBF3FB62833660C0007DA89 /* Sources */,
				4BBF3FB72833660C0007DA89 /* Frameworks */,
				4BBF3FB82833660C0007DA89 /* Resources */,
			);
			buildRules = (
			);
			dependencies = (
				4BBF3FBC2833660C0007DA89 /* PBXTargetDependency */,
			);
			name = PuizTests;
			productName = PuizTests;
			productReference = 4BBF3FBA2833660C0007DA89 /* PuizTests.xctest */;
			productType = "com.apple.product-type.bundle.unit-test";
		};
		4BBF3FC32833660C0007DA89 /* PuizUITests */ = {
			isa = PBXNativeTarget;
			buildConfigurationList = 4BBF3FD42833660C0007DA89 /* Build configuration list for PBXNativeTarget "PuizUITests" */;
			buildPhases = (
				4BBF3FC02833660C0007DA89 /* Sources */,
				4BBF3FC12833660C0007DA89 /* Frameworks */,
				4BBF3FC22833660C0007DA89 /* Resources */,
			);
			buildRules = (
			);
			dependencies = (
				4BBF3FC62833660C0007DA89 /* PBXTargetDependency */,
			);
			name = PuizUITests;
			productName = PuizUITests;
			productReference = 4BBF3FC42833660C0007DA89 /* PuizUITests.xctest */;
			productType = "com.apple.product-type.bundle.ui-testing";
		};
/* End PBXNativeTarget section */

/* Begin PBXProject section */
		4BBF3F9C2833660A0007DA89 /* Project object */ = {
			isa = PBXProject;
			attributes = {
				BuildIndependentTargetsInParallel = 1;
				LastSwiftUpdateCheck = 1320;
				LastUpgradeCheck = 1320;
				TargetAttributes = {
					4BBF3FA32833660A0007DA89 = {
						CreatedOnToolsVersion = 13.2.1;
					};
					4BBF3FB92833660C0007DA89 = {
						CreatedOnToolsVersion = 13.2.1;
						TestTargetID = 4BBF3FA32833660A0007DA89;
					};
					4BBF3FC32833660C0007DA89 = {
						CreatedOnToolsVersion = 13.2.1;
						TestTargetID = 4BBF3FA32833660A0007DA89;
					};
				};
			};
			buildConfigurationList = 4BBF3F9F2833660A0007DA89 /* Build configuration list for PBXProject "Puiz" */;
			compatibilityVersion = "Xcode 13.0";
			developmentRegion = en;
			hasScannedForEncodings = 0;
			knownRegions = (
				en,
				Base,
			);
			mainGroup = 4BBF3F9B2833660A0007DA89;
			productRefGroup = 4BBF3FA52833660A0007DA89 /* Products */;
			projectDirPath = "";
			projectRoot = "";
			targets = (
				4BBF3FA32833660A0007DA89 /* Puiz */,
				4BBF3FB92833660C0007DA89 /* PuizTests */,
				4BBF3FC32833660C0007DA89 /* PuizUITests */,
			);
		};
/* End PBXProject section */

/* Begin PBXResourcesBuildPhase section */
		4BBF3FA22833660A0007DA89 /* Resources */ = {
			isa = PBXResourcesBuildPhase;
			buildActionMask = 2147483647;
			files = (
				4BBF3FB42833660C0007DA89 /* LaunchScreen.storyboard in Resources */,
				4BBF3FB12833660C0007DA89 /* Assets.xcassets in Resources */,
				4BBF3FAF2833660A0007DA89 /* Main.storyboard in Resources */,
			);
			runOnlyForDeploymentPostprocessing = 0;
		};
		4BBF3FB82833660C0007DA89 /* Resources */ = {
			isa = PBXResourcesBuildPhase;
			buildActionMask = 2147483647;
			files = (
			);
			runOnlyForDeploymentPostprocessing = 0;
		};
		4BBF3FC22833660C0007DA89 /* Resources */ = {
			isa = PBXResourcesBuildPhase;
			buildActionMask = 2147483647;
			files = (
			);
			runOnlyForDeploymentPostprocessing = 0;
		};
/* End PBXResourcesBuildPhase section */

/* Begin PBXSourcesBuildPhase section */
		4BBF3FA02833660A0007DA89 /* Sources */ = {
			isa = PBXSourcesBuildPhase;
			buildActionMask = 2147483647;
			files = (
				4BBF3FDA283366C10007DA89 /* ResultViewController.swift in Sources */,
				4B914E9328472DD500E7C794 /* quizuViewController.swift in Sources */,
				4B914EA12847328F00E7C794 /* zukan4ViewController.swift in Sources */,
				4B914E9528472F1E00E7C794 /* quiz2ViewController.swift in Sources */,
				4BBF3FAC2833660A0007DA89 /* ViewController.swift in Sources */,
				4BBF3FA82833660A0007DA89 /* AppDelegate.swift in Sources */,
				4BBF3FAA2833660A0007DA89 /* SceneDelegate.swift in Sources */,
				4B914E9B2847323000E7C794 /* zukan1ViewController.swift in Sources */,
				4B914E9D2847325400E7C794 /* zukan2ViewController.swift in Sources */,
				4B914E9F2847327400E7C794 /* zukan3ViewController.swift in Sources */,
				4B914E992847303800E7C794 /* zukanViewController.swift in Sources */,
				4B914E9728472F7A00E7C794 /* Result2ViewController.swift in Sources */,
				4BBF3FD82833669F0007DA89 /* QuizViewController.swift in Sources */,
			);
			runOnlyForDeploymentPostprocessing = 0;
		};
		4BBF3FB62833660C0007DA89 /* Sources */ = {
			isa = PBXSourcesBuildPhase;
			buildActionMask = 2147483647;
			files = (
				4BBF3FBF2833660C0007DA89 /* PuizTests.swift in Sources */,
			);
			runOnlyForDeploymentPostprocessing = 0;
		};
		4BBF3FC02833660C0007DA89 /* Sources */ = {
			isa = PBXSourcesBuildPhase;
			buildActionMask = 2147483647;
			files = (
				4BBF3FCB2833660C0007DA89 /* PuizUITestsLaunchTests.swift in Sources */,
				4BBF3FC92833660C0007DA89 /* PuizUITests.swift in Sources */,
			);
			runOnlyForDeploymentPostprocessing = 0;
		};
/* End PBXSourcesBuildPhase section */

/* Begin PBXTargetDependency section */
		4BBF3FBC2833660C0007DA89 /* PBXTargetDependency */ = {
			isa = PBXTargetDependency;
			target = 4BBF3FA32833660A0007DA89 /* Puiz */;
			targetProxy = 4BBF3FBB2833660C0007DA89 /* PBXContainerItemProxy */;
		};
		4BBF3FC62833660C0007DA89 /* PBXTargetDependency */ = {
			isa = PBXTargetDependency;
			target = 4BBF3FA32833660A0007DA89 /* Puiz */;
			targetProxy = 4BBF3FC52833660C0007DA89 /* PBXContainerItemProxy */;
		};
/* End PBXTargetDependency section */

/* Begin PBXVariantGroup section */
		4BBF3FAD2833660A0007DA89 /* Main.storyboard */ = {
			isa = PBXVariantGroup;
			children = (
				4BBF3FAE2833660A0007DA89 /* Base */,
			);
			name = Main.storyboard;
			sourceTree = "<group>";
		};
		4BBF3FB22833660C0007DA89 /* LaunchScreen.storyboard */ = {
			isa = PBXVariantGroup;
			children = (
				4BBF3FB32833660C0007DA89 /* Base */,
			);
			name = LaunchScreen.storyboard;
			sourceTree = "<group>";
		};
/* End PBXVariantGroup section */

/* Begin XCBuildConfiguration section */
		4BBF3FCC2833660C0007DA89 /* Debug */ = {
			isa = XCBuildConfiguration;
			buildSettings = {
				ALWAYS_SEARCH_USER_PATHS = NO;
				CLANG_ANALYZER_NONNULL = YES;
				CLANG_ANALYZER_NUMBER_OBJECT_CONVERSION = YES_AGGRESSIVE;
				CLANG_CXX_LANGUAGE_STANDARD = "gnu++17";
				CLANG_CXX_LIBRARY = "libc++";
				CLANG_ENABLE_MODULES = YES;
				CLANG_ENABLE_OBJC_ARC = YES;
				CLANG_ENABLE_OBJC_WEAK = YES;
				CLANG_WARN_BLOCK_CAPTURE_AUTORELEASING = YES;
				CLANG_WARN_BOOL_CONVERSION = YES;
				CLANG_WARN_COMMA = YES;
				CLANG_WARN_CONSTANT_CONVERSION = YES;
				CLANG_WARN_DEPRECATED_OBJC_IMPLEMENTATIONS = YES;
				CLANG_WARN_DIRECT_OBJC_ISA_USAGE = YES_ERROR;
				CLANG_WARN_DOCUMENTATION_COMMENTS = YES;
				CLANG_WARN_EMPTY_BODY = YES;
				CLANG_WARN_ENUM_CONVERSION = YES;
				CLANG_WARN_INFINITE_RECURSION = YES;
				CLANG_WARN_INT_CONVERSION = YES;
				CLANG_WARN_NON_LITERAL_NULL_CONVERSION = YES;
				CLANG_WARN_OBJC_IMPLICIT_RETAIN_SELF = YES;
				CLANG_WARN_OBJC_LITERAL_CONVERSION = YES;
				CLANG_WARN_OBJC_ROOT_CLASS = YES_ERROR;
				CLANG_WARN_QUOTED_INCLUDE_IN_FRAMEWORK_HEADER = YES;
				CLANG_WARN_RANGE_LOOP_ANALYSIS = YES;
				CLANG_WARN_STRICT_PROTOTYPES = YES;
				CLANG_WARN_SUSPICIOUS_MOVE = YES;
				CLANG_WARN_UNGUARDED_AVAILABILITY = YES_AGGRESSIVE;
				CLANG_WARN_UNREACHABLE_CODE = YES;
				CLANG_WARN__DUPLICATE_METHOD_MATCH = YES;
				COPY_PHASE_STRIP = NO;
				DEBUG_INFORMATION_FORMAT = dwarf;
				ENABLE_STRICT_OBJC_MSGSEND = YES;
				ENABLE_TESTABILITY = YES;
				GCC_C_LANGUAGE_STANDARD = gnu11;
				GCC_DYNAMIC_NO_PIC = NO;
				GCC_NO_COMMON_BLOCKS = YES;
				GCC_OPTIMIZATION_LEVEL = 0;
				GCC_PREPROCESSOR_DEFINITIONS = (
					"DEBUG=1",
					"$(inherited)",
				);
				GCC_WARN_64_TO_32_BIT_CONVERSION = YES;
				GCC_WARN_ABOUT_RETURN_TYPE = YES_ERROR;
				GCC_WARN_UNDECLARED_SELECTOR = YES;
				GCC_WARN_UNINITIALIZED_AUTOS = YES_AGGRESSIVE;
				GCC_WARN_UNUSED_FUNCTION = YES;
				GCC_WARN_UNUSED_VARIABLE = YES;
				IPHONEOS_DEPLOYMENT_TARGET = 15.2;
				MTL_ENABLE_DEBUG_INFO = INCLUDE_SOURCE;
				MTL_FAST_MATH = YES;
				ONLY_ACTIVE_ARCH = YES;
				SDKROOT = iphoneos;
				SWIFT_ACTIVE_COMPILATION_CONDITIONS = DEBUG;
				SWIFT_OPTIMIZATION_LEVEL = "-Onone";
			};
			name = Debug;
		};
		4BBF3FCD2833660C0007DA89 /* Release */ = {
			isa = XCBuildConfiguration;
			buildSettings = {
				ALWAYS_SEARCH_USER_PATHS = NO;
				CLANG_ANALYZER_NONNULL = YES;
				CLANG_ANALYZER_NUMBER_OBJECT_CONVERSION = YES_AGGRESSIVE;
				CLANG_CXX_LANGUAGE_STANDARD = "gnu++17";
				CLANG_CXX_LIBRARY = "libc++";
				CLANG_ENABLE_MODULES = YES;
				CLANG_ENABLE_OBJC_ARC = YES;
				CLANG_ENABLE_OBJC_WEAK = YES;
				CLANG_WARN_BLOCK_CAPTURE_AUTORELEASING = YES;
				CLANG_WARN_BOOL_CONVERSION = YES;
				CLANG_WARN_COMMA = YES;
				CLANG_WARN_CONSTANT_CONVERSION = YES;
				CLANG_WARN_DEPRECATED_OBJC_IMPLEMENTATIONS = YES;
				CLANG_WARN_DIRECT_OBJC_ISA_USAGE = YES_ERROR;
				CLANG_WARN_DOCUMENTATION_COMMENTS = YES;
				CLANG_WARN_EMPTY_BODY = YES;
				CLANG_WARN_ENUM_CONVERSION = YES;
				CLANG_WARN_INFINITE_RECURSION = YES;
				CLANG_WARN_INT_CONVERSION = YES;
				CLANG_WARN_NON_LITERAL_NULL_CONVERSION = YES;
				CLANG_WARN_OBJC_IMPLICIT_RETAIN_SELF = YES;
				CLANG_WARN_OBJC_LITERAL_CONVERSION = YES;
				CLANG_WARN_OBJC_ROOT_CLASS = YES_ERROR;
				CLANG_WARN_QUOTED_INCLUDE_IN_FRAMEWORK_HEADER = YES;
				CLANG_WARN_RANGE_LOOP_ANALYSIS = YES;
				CLANG_WARN_STRICT_PROTOTYPES = YES;
				CLANG_WARN_SUSPICIOUS_MOVE = YES;
				CLANG_WARN_UNGUARDED_AVAILABILITY = YES_AGGRESSIVE;
				CLANG_WARN_UNREACHABLE_CODE = YES;
				CLANG_WARN__DUPLICATE_METHOD_MATCH = YES;
				COPY_PHASE_STRIP = NO;
				DEBUG_INFORMATION_FORMAT = "dwarf-with-dsym";
				ENABLE_NS_ASSERTIONS = NO;
				ENABLE_STRICT_OBJC_MSGSEND = YES;
				GCC_C_LANGUAGE_STANDARD = gnu11;
				GCC_NO_COMMON_BLOCKS = YES;
				GCC_WARN_64_TO_32_BIT_CONVERSION = YES;
				GCC_WARN_ABOUT_RETURN_TYPE = YES_ERROR;
				GCC_WARN_UNDECLARED_SELECTOR = YES;
				GCC_WARN_UNINITIALIZED_AUTOS = YES_AGGRESSIVE;
				GCC_WARN_UNUSED_FUNCTION = YES;
				GCC_WARN_UNUSED_VARIABLE = YES;
				IPHONEOS_DEPLOYMENT_TARGET = 15.2;
				MTL_ENABLE_DEBUG_INFO = NO;
				MTL_FAST_MATH = YES;
				SDKROOT = iphoneos;
				SWIFT_COMPILATION_MODE = wholemodule;
				SWIFT_OPTIMIZATION_LEVEL = "-O";
				VALIDATE_PRODUCT = YES;
			};
			name = Release;
		};
		4BBF3FCF2833660C0007DA89 /* Debug */ = {
			isa = XCBuildConfiguration;
			buildSettings = {
				ASSETCATALOG_COMPILER_APPICON_NAME = AppIcon;
				ASSETCATALOG_COMPILER_GLOBAL_ACCENT_COLOR_NAME = AccentColor;
				CODE_SIGN_STYLE = Automatic;
				CURRENT_PROJECT_VERSION = 1;
				GENERATE_INFOPLIST_FILE = YES;
				INFOPLIST_FILE = Puiz/Info.plist;
				INFOPLIST_KEY_UIApplicationSupportsIndirectInputEvents = YES;
				INFOPLIST_KEY_UILaunchStoryboardName = LaunchScreen;
				INFOPLIST_KEY_UIMainStoryboardFile = Main;
				INFOPLIST_KEY_UISupportedInterfaceOrientations_iPad = "UIInterfaceOrientationPortrait UIInterfaceOrientationPortraitUpsideDown UIInterfaceOrientationLandscapeLeft UIInterfaceOrientationLandscapeRight";
				INFOPLIST_KEY_UISupportedInterfaceOrientations_iPhone = "UIInterfaceOrientationPortrait UIInterfaceOrientationLandscapeLeft UIInterfaceOrientationLandscapeRight";
				LD_RUNPATH_SEARCH_PATHS = (
					"$(inherited)",
					"@executable_path/Frameworks",
				);
				MARKETING_VERSION = 1.0;
				PRODUCT_BUNDLE_IDENTIFIER = com.litech.Puiz;
				PRODUCT_NAME = "$(TARGET_NAME)";
				SWIFT_EMIT_LOC_STRINGS = YES;
				SWIFT_VERSION = 5.0;
				TARGETED_DEVICE_FAMILY = "1,2";
			};
			name = Debug;
		};
		4BBF3FD02833660C0007DA89 /* Release */ = {
			isa = XCBuildConfiguration;
			buildSettings = {
				ASSETCATALOG_COMPILER_APPICON_NAME = AppIcon;
				ASSETCATALOG_COMPILER_GLOBAL_ACCENT_COLOR_NAME = AccentColor;
				CODE_SIGN_STYLE = Automatic;
				CURRENT_PROJECT_VERSION = 1;
				GENERATE_INFOPLIST_FILE = YES;
				INFOPLIST_FILE = Puiz/Info.plist;
				INFOPLIST_KEY_UIApplicationSupportsIndirectInputEvents = YES;
				INFOPLIST_KEY_UILaunchStoryboardName = LaunchScreen;
				INFOPLIST_KEY_UIMainStoryboardFile = Main;
				INFOPLIST_KEY_UISupportedInterfaceOrientations_iPad = "UIInterfaceOrientationPortrait UIInterfaceOrientationPortraitUpsideDown UIInterfaceOrientationLandscapeLeft UIInterfaceOrientationLandscapeRight";
				INFOPLIST_KEY_UISupportedInterfaceOrientations_iPhone = "UIInterfaceOrientationPortrait UIInterfaceOrientationLandscapeLeft UIInterfaceOrientationLandscapeRight";
				LD_RUNPATH_SEARCH_PATHS = (
					"$(inherited)",
					"@executable_path/Frameworks",
				);
				MARKETING_VERSION = 1.0;
				PRODUCT_BUNDLE_IDENTIFIER = com.litech.Puiz;
				PRODUCT_NAME = "$(TARGET_NAME)";
				SWIFT_EMIT_LOC_STRINGS = YES;
				SWIFT_VERSION = 5.0;
				TARGETED_DEVICE_FAMILY = "1,2";
			};
			name = Release;
		};
		4BBF3FD22833660C0007DA89 /* Debug */ = {
			isa = XCBuildConfiguration;
			buildSettings = {
				ALWAYS_EMBED_SWIFT_STANDARD_LIBRARIES = YES;
				BUNDLE_LOADER = "$(TEST_HOST)";
				CODE_SIGN_STYLE = Automatic;
				CURRENT_PROJECT_VERSION = 1;
				GENERATE_INFOPLIST_FILE = YES;
				IPHONEOS_DEPLOYMENT_TARGET = 15.2;
				MARKETING_VERSION = 1.0;
				PRODUCT_BUNDLE_IDENTIFIER = com.litech.PuizTests;
				PRODUCT_NAME = "$(TARGET_NAME)";
				SWIFT_EMIT_LOC_STRINGS = NO;
				SWIFT_VERSION = 5.0;
				TARGETED_DEVICE_FAMILY = "1,2";
				TEST_HOST = "$(BUILT_PRODUCTS_DIR)/Puiz.app/Puiz";
			};
			name = Debug;
		};
		4BBF3FD32833660C0007DA89 /* Release */ = {
			isa = XCBuildConfiguration;
			buildSettings = {
				ALWAYS_EMBED_SWIFT_STANDARD_LIBRARIES = YES;
				BUNDLE_LOADER = "$(TEST_HOST)";
				CODE_SIGN_STYLE = Automatic;
				CURRENT_PROJECT_VERSION = 1;
				GENERATE_INFOPLIST_FILE = YES;
				IPHONEOS_DEPLOYMENT_TARGET = 15.2;
				MARKETING_VERSION = 1.0;
				PRODUCT_BUNDLE_IDENTIFIER = com.litech.PuizTests;
				PRODUCT_NAME = "$(TARGET_NAME)";
				SWIFT_EMIT_LOC_STRINGS = NO;
				SWIFT_VERSION = 5.0;
				TARGETED_DEVICE_FAMILY = "1,2";
				TEST_HOST = "$(BUILT_PRODUCTS_DIR)/Puiz.app/Puiz";
			};
			name = Release;
		};
		4BBF3FD52833660C0007DA89 /* Debug */ = {
			isa = XCBuildConfiguration;
			buildSettings = {
				ALWAYS_EMBED_SWIFT_STANDARD_LIBRARIES = YES;
				CODE_SIGN_STYLE = Automatic;
				CURRENT_PROJECT_VERSION = 1;
				GENERATE_INFOPLIST_FILE = YES;
				MARKETING_VERSION = 1.0;
				PRODUCT_BUNDLE_IDENTIFIER = com.litech.PuizUITests;
				PRODUCT_NAME = "$(TARGET_NAME)";
				SWIFT_EMIT_LOC_STRINGS = NO;
				SWIFT_VERSION = 5.0;
				TARGETED_DEVICE_FAMILY = "1,2";
				TEST_TARGET_NAME = Puiz;
			};
			name = Debug;
		};
		4BBF3FD62833660C0007DA89 /* Release */ = {
			isa = XCBuildConfiguration;
			buildSettings = {
				ALWAYS_EMBED_SWIFT_STANDARD_LIBRARIES = YES;
				CODE_SIGN_STYLE = Automatic;
				CURRENT_PROJECT_VERSION = 1;
				GENERATE_INFOPLIST_FILE = YES;
				MARKETING_VERSION = 1.0;
				PRODUCT_BUNDLE_IDENTIFIER = com.litech.PuizUITests;
				PRODUCT_NAME = "$(TARGET_NAME)";
				SWIFT_EMIT_LOC_STRINGS = NO;
				SWIFT_VERSION = 5.0;
				TARGETED_DEVICE_FAMILY = "1,2";
				TEST_TARGET_NAME = Puiz;
			};
			name = Release;
		};
/* End XCBuildConfiguration section */

/* Begin XCConfigurationList section */
		4BBF3F9F2833660A0007DA89 /* Build configuration list for PBXProject "Puiz" */ = {
			isa = XCConfigurationList;
			buildConfigurations = (
				4BBF3FCC2833660C0007DA89 /* Debug */,
				4BBF3FCD2833660C0007DA89 /* Release */,
			);
			defaultConfigurationIsVisible = 0;
			defaultConfigurationName = Release;
		};
		4BBF3FCE2833660C0007DA89 /* Build configuration list for PBXNativeTarget "Puiz" */ = {
			isa = XCConfigurationList;
			buildConfigurations = (
				4BBF3FCF2833660C0007DA89 /* Debug */,
				4BBF3FD02833660C0007DA89 /* Release */,
			);
			defaultConfigurationIsVisible = 0;
			defaultConfigurationName = Release;
		};
		4BBF3FD12833660C0007DA89 /* Build configuration list for PBXNativeTarget "PuizTests" */ = {
			isa = XCConfigurationList;
			buildConfigurations = (
				4BBF3FD22833660C0007DA89 /* Debug */,
				4BBF3FD32833660C0007DA89 /* Release */,
			);
			defaultConfigurationIsVisible = 0;
			defaultConfigurationName = Release;
		};
		4BBF3FD42833660C0007DA89 /* Build configuration list for PBXNativeTarget "PuizUITests" */ = {
			isa = XCConfigurationList;
			buildConfigurations = (
				4BBF3FD52833660C0007DA89 /* Debug */,
				4BBF3FD62833660C0007DA89 /* Release */,
			);
			defaultConfigurationIsVisible = 0;
			defaultConfigurationName = Release;
		};
/* End XCConfigurationList section */
	};
	rootObject = 4BBF3F9C2833660A0007DA89 /* Project object */;
}
